Microsoft Visual Studio Solution File, Format Version 12.00
# Visual Studio Version 17
VisualStudioVersion = 17.8.34330.188
MinimumVisualStudioVersion = 10.0.40219.1
Project("{9A19103F-16F7-4668-BE54-9A1E7A4F7556}") = "EnterpriseMediator.AiWorker", "src\EnterpriseMediator.AiWorker\EnterpriseMediator.AiWorker.csproj", "{8A2B3C4D-5E6F-7890-1234-567890ABCDEF}"
EndProject
Project("{9A19103F-16F7-4668-BE54-9A1E7A4F7556}") = "EnterpriseMediator.AiWorker.Tests", "tests\EnterpriseMediator.AiWorker.Tests\EnterpriseMediator.AiWorker.Tests.csproj", "{FEDCBA09-8765-4321-0987-6543210FEDCB}"
EndProject
Global
	GlobalSection(SolutionConfigurationPlatforms) = preSolution
		Debug|Any CPU = Debug|Any CPU
		Release|Any CPU = Release|Any CPU
	EndGlobalSection
	GlobalSection(ProjectConfigurationPlatforms) = postSolution
		{8A2B3C4D-5E6F-7890-1234-567890ABCDEF}.Debug|Any CPU.ActiveCfg = Debug|Any CPU
		{8A2B3C4D-5E6F-7890-1234-567890ABCDEF}.Debug|Any CPU.Build.0 = Debug|Any CPU
		{8A2B3C4D-5E6F-7890-1234-567890ABCDEF}.Release|Any CPU.ActiveCfg = Release|Any CPU
		{8A2B3C4D-5E6F-7890-1234-567890ABCDEF}.Release|Any CPU.Build.0 = Release|Any CPU
		{FEDCBA09-8765-4321-0987-6543210FEDCB}.Debug|Any CPU.ActiveCfg = Debug|Any CPU
		{FEDCBA09-8765-4321-0987-6543210FEDCB}.Debug|Any CPU.Build.0 = Debug|Any CPU
		{FEDCBA09-8765-4321-0987-6543210FEDCB}.Release|Any CPU.ActiveCfg = Release|Any CPU
		{FEDCBA09-8765-4321-0987-6543210FEDCB}.Release|Any CPU.Build.0 = Release|Any CPU
	EndGlobalSection
	GlobalSection(SolutionProperties) = preSolution
		HideSolutionNode = FALSE
	EndGlobalSection
	GlobalSection(ExtensibilityGlobals) = postSolution
		SolutionGuid = {12345678-ABCD-EF01-2345-6789ABCDEF01}
	EndGlobalSection
EndGlobal