
Microsoft Visual Studio Solution File, Format Version 12.00
# Visual Studio Version 17
VisualStudioVersion = 17.0.31903.59
MinimumVisualStudioVersion = 10.0.40219.1
Project("{2150E333-8FDC-42A3-9474-1A3956D46DE8}") = "src", "src", "{E0000001-0000-0000-0000-000000000001}"
EndProject
Project("{2150E333-8FDC-42A3-9474-1A3956D46DE8}") = "tests", "tests", "{E0000001-0000-0000-0000-000000000002}"
EndProject
Project("{9A19103F-16F7-4668-BE54-9A1E7A4F7556}") = "EnterpriseMediator.ProjectManagement.Domain", "src\EnterpriseMediator.ProjectManagement.Domain\EnterpriseMediator.ProjectManagement.Domain.csproj", "{D1E2F3A4-B5C6-4D7E-8F9A-0B1C2D3E4F5A}"
EndProject
Project("{9A19103F-16F7-4668-BE54-9A1E7A4F7556}") = "EnterpriseMediator.ProjectManagement.Application", "src\EnterpriseMediator.ProjectManagement.Application\EnterpriseMediator.ProjectManagement.Application.csproj", "{A1B2C3D4-E5F6-4A7B-8C9D-0E1F2A3B4C5D}"
EndProject
Project("{9A19103F-16F7-4668-BE54-9A1E7A4F7556}") = "EnterpriseMediator.ProjectManagement.Infrastructure", "src\EnterpriseMediator.ProjectManagement.Infrastructure\EnterpriseMediator.ProjectManagement.Infrastructure.csproj", "{F1E2D3C4-B5A6-4978-8765-43210FEDCBA9}"
EndProject
Project("{9A19103F-16F7-4668-BE54-9A1E7A4F7556}") = "EnterpriseMediator.ProjectManagement.WebAPI", "src\EnterpriseMediator.ProjectManagement.WebAPI\EnterpriseMediator.ProjectManagement.WebAPI.csproj", "{1A2B3C4D-5E6F-47A8-9B0C-D1E2F3A4B5C6}"
EndProject
Project("{9A19103F-16F7-4668-BE54-9A1E7A4F7556}") = "EnterpriseMediator.ProjectManagement.UnitTests", "tests\EnterpriseMediator.ProjectManagement.UnitTests\EnterpriseMediator.ProjectManagement.UnitTests.csproj", "{98765432-10FE-DCBA-9876-543210FEDCBA}"
EndProject
Project("{9A19103F-16F7-4668-BE54-9A1E7A4F7556}") = "EnterpriseMediator.ProjectManagement.IntegrationTests", "tests\EnterpriseMediator.ProjectManagement.IntegrationTests\EnterpriseMediator.ProjectManagement.IntegrationTests.csproj", "{12345678-9ABC-DEF0-1234-56789ABCDEF0}"
EndProject
Global
	GlobalSection(SolutionConfigurationPlatforms) = preSolution
		Debug|Any CPU = Debug|Any CPU
		Release|Any CPU = Release|Any CPU
	EndGlobalSection
	GlobalSection(ProjectConfigurationPlatforms) = postSolution
		{D1E2F3A4-B5C6-4D7E-8F9A-0B1C2D3E4F5A}.Debug|Any CPU.ActiveCfg = Debug|Any CPU
		{D1E2F3A4-B5C6-4D7E-8F9A-0B1C2D3E4F5A}.Debug|Any CPU.Build.0 = Debug|Any CPU
		{D1E2F3A4-B5C6-4D7E-8F9A-0B1C2D3E4F5A}.Release|Any CPU.ActiveCfg = Release|Any CPU
		{D1E2F3A4-B5C6-4D7E-8F9A-0B1C2D3E4F5A}.Release|Any CPU.Build.0 = Release|Any CPU
		{A1B2C3D4-E5F6-4A7B-8C9D-0E1F2A3B4C5D}.Debug|Any CPU.ActiveCfg = Debug|Any CPU
		{A1B2C3D4-E5F6-4A7B-8C9D-0E1F2A3B4C5D}.Debug|Any CPU.Build.0 = Debug|Any CPU
		{A1B2C3D4-E5F6-4A7B-8C9D-0E1F2A3B4C5D}.Release|Any CPU.ActiveCfg = Release|Any CPU
		{A1B2C3D4-E5F6-4A7B-8C9D-0E1F2A3B4C5D}.Release|Any CPU.Build.0 = Release|Any CPU
		{F1E2D3C4-B5A6-4978-8765-43210FEDCBA9}.Debug|Any CPU.ActiveCfg = Debug|Any CPU
		{F1E2D3C4-B5A6-4978-8765-43210FEDCBA9}.Debug|Any CPU.Build.0 = Debug|Any CPU
		{F1E2D3C4-B5A6-4978-8765-43210FEDCBA9}.Release|Any CPU.ActiveCfg = Release|Any CPU
		{F1E2D3C4-B5A6-4978-8765-43210FEDCBA9}.Release|Any CPU.Build.0 = Release|Any CPU
		{1A2B3C4D-5E6F-47A8-9B0C-D1E2F3A4B5C6}.Debug|Any CPU.ActiveCfg = Debug|Any CPU
		{1A2B3C4D-5E6F-47A8-9B0C-D1E2F3A4B5C6}.Debug|Any CPU.Build.0 = Debug|Any CPU
		{1A2B3C4D-5E6F-47A8-9B0C-D1E2F3A4B5C6}.Release|Any CPU.ActiveCfg = Release|Any CPU
		{1A2B3C4D-5E6F-47A8-9B0C-D1E2F3A4B5C6}.Release|Any CPU.Build.0 = Release|Any CPU
		{98765432-10FE-DCBA-9876-543210FEDCBA}.Debug|Any CPU.ActiveCfg = Debug|Any CPU
		{98765432-10FE-DCBA-9876-543210FEDCBA}.Debug|Any CPU.Build.0 = Debug|Any CPU
		{98765432-10FE-DCBA-9876-543210FEDCBA}.Release|Any CPU.ActiveCfg = Release|Any CPU
		{98765432-10FE-DCBA-9876-543210FEDCBA}.Release|Any CPU.Build.0 = Release|Any CPU
		{12345678-9ABC-DEF0-1234-56789ABCDEF0}.Debug|Any CPU.ActiveCfg = Debug|Any CPU
		{12345678-9ABC-DEF0-1234-56789ABCDEF0}.Debug|Any CPU.Build.0 = Debug|Any CPU
		{12345678-9ABC-DEF0-1234-56789ABCDEF0}.Release|Any CPU.ActiveCfg = Release|Any CPU
		{12345678-9ABC-DEF0-1234-56789ABCDEF0}.Release|Any CPU.Build.0 = Release|Any CPU
	EndGlobalSection
	GlobalSection(NestedProjects) = preSolution
		{D1E2F3A4-B5C6-4D7E-8F9A-0B1C2D3E4F5A} = {E0000001-0000-0000-0000-000000000001}
		{A1B2C3D4-E5F6-4A7B-8C9D-0E1F2A3B4C5D} = {E0000001-0000-0000-0000-000000000001}
		{F1E2D3C4-B5A6-4978-8765-43210FEDCBA9} = {E0000001-0000-0000-0000-000000000001}
		{1A2B3C4D-5E6F-47A8-9B0C-D1E2F3A4B5C6} = {E0000001-0000-0000-0000-000000000001}
		{98765432-10FE-DCBA-9876-543210FEDCBA} = {E0000001-0000-0000-0000-000000000002}
		{12345678-9ABC-DEF0-1234-56789ABCDEF0} = {E0000001-0000-0000-0000-000000000002}
	EndGlobalSection
	GlobalSection(SolutionProperties) = preSolution
		HideSolutionNode = FALSE
	EndGlobalSection
	GlobalSection(ExtensibilityGlobals) = postSolution
		SolutionGuid = {B1A2C3D4-E5F6-4A7B-8C9D-0E1F2A3B4C5D}
	EndGlobalSection
EndGlobal
